
Microsoft Visual Studio Solution File, Format Version 12.00
# Visual Studio 14
VisualStudioVersion = 14.0.25420.1
MinimumVisualStudioVersion = 10.0.40219.1
Project("{FAE04EC0-301F-11D3-BF4B-00C04F79EFBC}") = "Latihan_1", "Latihan_1\Latihan_1.csproj", "{C8406371-6758-457D-BFFE-2D29647B9CA1}"
EndProject
Project("{FAE04EC0-301F-11D3-BF4B-00C04F79EFBC}") = "Latihan_2", "Latihan2\Latihan_2.csproj", "{436049DF-2F7E-4972-B410-C121240F4AA0}"
EndProject
Project("{FAE04EC0-301F-11D3-BF4B-00C04F79EFBC}") = "Latihan_3", "Latihan_3\Latihan_3.csproj", "{BFEE890A-127C-4133-9AC7-758120E4835A}"
EndProject
Project("{FAE04EC0-301F-11D3-BF4B-00C04F79EFBC}") = "Latihan_4", "Latihan_4\Latihan_4.csproj", "{6A0014E0-F21A-4DBB-A4D8-0959722CA09D}"
EndProject
Global
	GlobalSection(SolutionConfigurationPlatforms) = preSolution
		Debug|Any CPU = Debug|Any CPU
		Release|Any CPU = Release|Any CPU
	EndGlobalSection
	GlobalSection(ProjectConfigurationPlatforms) = postSolution
		{C8406371-6758-457D-BFFE-2D29647B9CA1}.Debug|Any CPU.ActiveCfg = Debug|Any CPU
		{C8406371-6758-457D-BFFE-2D29647B9CA1}.Debug|Any CPU.Build.0 = Debug|Any CPU
		{C8406371-6758-457D-BFFE-2D29647B9CA1}.Release|Any CPU.ActiveCfg = Release|Any CPU
		{C8406371-6758-457D-BFFE-2D29647B9CA1}.Release|Any CPU.Build.0 = Release|Any CPU
		{436049DF-2F7E-4972-B410-C121240F4AA0}.Debug|Any CPU.ActiveCfg = Debug|Any CPU
		{436049DF-2F7E-4972-B410-C121240F4AA0}.Debug|Any CPU.Build.0 = Debug|Any CPU
		{436049DF-2F7E-4972-B410-C121240F4AA0}.Release|Any CPU.ActiveCfg = Release|Any CPU
		{436049DF-2F7E-4972-B410-C121240F4AA0}.Release|Any CPU.Build.0 = Release|Any CPU
		{BFEE890A-127C-4133-9AC7-758120E4835A}.Debug|Any CPU.ActiveCfg = Debug|Any CPU
		{BFEE890A-127C-4133-9AC7-758120E4835A}.Debug|Any CPU.Build.0 = Debug|Any CPU
		{BFEE890A-127C-4133-9AC7-758120E4835A}.Release|Any CPU.ActiveCfg = Release|Any CPU
		{BFEE890A-127C-4133-9AC7-758120E4835A}.Release|Any CPU.Build.0 = Release|Any CPU
		{6A0014E0-F21A-4DBB-A4D8-0959722CA09D}.Debug|Any CPU.ActiveCfg = Debug|Any CPU
		{6A0014E0-F21A-4DBB-A4D8-0959722CA09D}.Debug|Any CPU.Build.0 = Debug|Any CPU
		{6A0014E0-F21A-4DBB-A4D8-0959722CA09D}.Release|Any CPU.ActiveCfg = Release|Any CPU
		{6A0014E0-F21A-4DBB-A4D8-0959722CA09D}.Release|Any CPU.Build.0 = Release|Any CPU
	EndGlobalSection
	GlobalSection(SolutionProperties) = preSolution
		HideSolutionNode = FALSE
	EndGlobalSection
EndGlobal
